// !$*UTF8*$!
{
	archiveVersion = 1;
	classes = {
	};
	objectVersion = 55;
	objects = {

/* Begin PBXBuildFile section */
		BC02854E27411D9B003C5A3E /* miniCategories.swift in Sources */ = {isa = PBXBuildFile; fileRef = BC02854D27411D9B003C5A3E /* miniCategories.swift */; };
		BC02855027412045003C5A3E /* Structs,Classes,variables.swift in Sources */ = {isa = PBXBuildFile; fileRef = BC02854F27412045003C5A3E /* Structs,Classes,variables.swift */; };
		BC44E01E274174B000A0AC48 /* PopUp.swift in Sources */ = {isa = PBXBuildFile; fileRef = BC44E01D274174B000A0AC48 /* PopUp.swift */; };
		BCCF1C8727402FF5007869D1 /* TaskitoApp.swift in Sources */ = {isa = PBXBuildFile; fileRef = BCCF1C8627402FF5007869D1 /* TaskitoApp.swift */; };
		BCCF1C8927402FF5007869D1 /* ContentView.swift in Sources */ = {isa = PBXBuildFile; fileRef = BCCF1C8827402FF5007869D1 /* ContentView.swift */; };
		BCCF1C8B27402FF8007869D1 /* Assets.xcassets in Resources */ = {isa = PBXBuildFile; fileRef = BCCF1C8A27402FF8007869D1 /* Assets.xcassets */; };
		BCCF1C8E27402FF8007869D1 /* Preview Assets.xcassets in Resources */ = {isa = PBXBuildFile; fileRef = BCCF1C8D27402FF8007869D1 /* Preview Assets.xcassets */; };
		BCCF1C95274031C3007869D1 /* SignedUser.swift in Sources */ = {isa = PBXBuildFile; fileRef = BCCF1C94274031C3007869D1 /* SignedUser.swift */; };
		BCCF1C97274035CF007869D1 /* CustomBackgroundColor.swift in Sources */ = {isa = PBXBuildFile; fileRef = BCCF1C96274035CF007869D1 /* CustomBackgroundColor.swift */; };
/* End PBXBuildFile section */

/* Begin PBXFileReference section */
		BC02854D27411D9B003C5A3E /* miniCategories.swift */ = {isa = PBXFileReference; lastKnownFileType = sourcecode.swift; path = miniCategories.swift; sourceTree = "<group>"; };
		BC02854F27412045003C5A3E /* Structs,Classes,variables.swift */ = {isa = PBXFileReference; lastKnownFileType = sourcecode.swift; path = "Structs,Classes,variables.swift"; sourceTree = "<group>"; };
		BC44E01D274174B000A0AC48 /* PopUp.swift */ = {isa = PBXFileReference; lastKnownFileType = sourcecode.swift; path = PopUp.swift; sourceTree = "<group>"; };
		BCCF1C8327402FF5007869D1 /* Taskito.app */ = {isa = PBXFileReference; explicitFileType = wrapper.application; includeInIndex = 0; path = Taskito.app; sourceTree = BUILT_PRODUCTS_DIR; };
		BCCF1C8627402FF5007869D1 /* TaskitoApp.swift */ = {isa = PBXFileReference; lastKnownFileType = sourcecode.swift; path = TaskitoApp.swift; sourceTree = "<group>"; };
		BCCF1C8827402FF5007869D1 /* ContentView.swift */ = {isa = PBXFileReference; lastKnownFileType = sourcecode.swift; path = ContentView.swift; sourceTree = "<group>"; };
		BCCF1C8A27402FF8007869D1 /* Assets.xcassets */ = {isa = PBXFileReference; lastKnownFileType = folder.assetcatalog; path = Assets.xcassets; sourceTree = "<group>"; };
		BCCF1C8D27402FF8007869D1 /* Preview Assets.xcassets */ = {isa = PBXFileReference; lastKnownFileType = folder.assetcatalog; path = "Preview Assets.xcassets"; sourceTree = "<group>"; };
		BCCF1C94274031C3007869D1 /* SignedUser.swift */ = {isa = PBXFileReference; lastKnownFileType = sourcecode.swift; path = SignedUser.swift; sourceTree = "<group>"; };
		BCCF1C96274035CF007869D1 /* CustomBackgroundColor.swift */ = {isa = PBXFileReference; lastKnownFileType = sourcecode.swift; path = CustomBackgroundColor.swift; sourceTree = "<group>"; };
/* End PBXFileReference section */

/* Begin PBXFrameworksBuildPhase section */
		BCCF1C8027402FF5007869D1 /* Frameworks */ = {
			isa = PBXFrameworksBuildPhase;
			buildActionMask = 2147483647;
			files = (
			);
			runOnlyForDeploymentPostprocessing = 0;
		};
/* End PBXFrameworksBuildPhase section */

/* Begin PBXGroup section */
		BCCF1C7A27402FF5007869D1 = {
			isa = PBXGroup;
			children = (
				BCCF1C94274031C3007869D1 /* SignedUser.swift */,
				BC44E01D274174B000A0AC48 /* PopUp.swift */,
				BCCF1C96274035CF007869D1 /* CustomBackgroundColor.swift */,
				BC02854D27411D9B003C5A3E /* miniCategories.swift */,
				BCCF1C8527402FF5007869D1 /* Taskito */,
				BCCF1C8427402FF5007869D1 /* Products */,
			);
			sourceTree = "<group>";
		};
		BCCF1C8427402FF5007869D1 /* Products */ = {
			isa = PBXGroup;
			children = (
				BCCF1C8327402FF5007869D1 /* Taskito.app */,
			);
			name = Products;
			sourceTree = "<group>";
		};
		BCCF1C8527402FF5007869D1 /* Taskito */ = {
			isa = PBXGroup;
			children = (
				BCCF1C8627402FF5007869D1 /* TaskitoApp.swift */,
				BCCF1C8827402FF5007869D1 /* ContentView.swift */,
				BC02854F27412045003C5A3E /* Structs,Classes,variables.swift */,
				BCCF1C8A27402FF8007869D1 /* Assets.xcassets */,
				BCCF1C8C27402FF8007869D1 /* Preview Content */,
			);
			path = Taskito;
			sourceTree = "<group>";
		};
		BCCF1C8C27402FF8007869D1 /* Preview Content */ = {
			isa = PBXGroup;
			children = (
				BCCF1C8D27402FF8007869D1 /* Preview Assets.xcassets */,
			);
			path = "Preview Content";
			sourceTree = "<group>";
		};
/* End PBXGroup section */

/* Begin PBXNativeTarget section */
		BCCF1C8227402FF5007869D1 /* Taskito */ = {
			isa = PBXNativeTarget;
			buildConfigurationList = BCCF1C9127402FF8007869D1 /* Build configuration list for PBXNativeTarget "Taskito" */;
			buildPhases = (
				BCCF1C7F27402FF5007869D1 /* Sources */,
				BCCF1C8027402FF5007869D1 /* Frameworks */,
				BCCF1C8127402FF5007869D1 /* Resources */,
			);
			buildRules = (
			);
			dependencies = (
			);
			name = Taskito;
			productName = Taskito;
			productReference = BCCF1C8327402FF5007869D1 /* Taskito.app */;
			productType = "com.apple.product-type.application";
		};
/* End PBXNativeTarget section */

/* Begin PBXProject section */
		BCCF1C7B27402FF5007869D1 /* Project object */ = {
			isa = PBXProject;
			attributes = {
				BuildIndependentTargetsInParallel = 1;
				LastSwiftUpdateCheck = 1310;
				LastUpgradeCheck = 1310;
				TargetAttributes = {
					BCCF1C8227402FF5007869D1 = {
						CreatedOnToolsVersion = 13.1;
					};
				};
			};
			buildConfigurationList = BCCF1C7E27402FF5007869D1 /* Build configuration list for PBXProject "Taskito" */;
			compatibilityVersion = "Xcode 13.0";
			developmentRegion = en;
			hasScannedForEncodings = 0;
			knownRegions = (
				en,
				Base,
			);
			mainGroup = BCCF1C7A27402FF5007869D1;
			productRefGroup = BCCF1C8427402FF5007869D1 /* Products */;
			projectDirPath = "";
			projectRoot = "";
			targets = (
				BCCF1C8227402FF5007869D1 /* Taskito */,
			);
		};
/* End PBXProject section */

/* Begin PBXResourcesBuildPhase section */
		BCCF1C8127402FF5007869D1 /* Resources */ = {
			isa = PBXResourcesBuildPhase;
			buildActionMask = 2147483647;
			files = (
				BCCF1C8E27402FF8007869D1 /* Preview Assets.xcassets in Resources */,
				BCCF1C8B27402FF8007869D1 /* Assets.xcassets in Resources */,
			);
			runOnlyForDeploymentPostprocessing = 0;
		};
/* End PBXResourcesBuildPhase section */

/* Begin PBXSourcesBuildPhase section */
		BCCF1C7F27402FF5007869D1 /* Sources */ = {
			isa = PBXSourcesBuildPhase;
			buildActionMask = 2147483647;
			files = (
				BCCF1C97274035CF007869D1 /* CustomBackgroundColor.swift in Sources */,
				BC02855027412045003C5A3E /* Structs,Classes,variables.swift in Sources */,
				BCCF1C8927402FF5007869D1 /* ContentView.swift in Sources */,
				BC44E01E274174B000A0AC48 /* PopUp.swift in Sources */,
				BC02854E27411D9B003C5A3E /* miniCategories.swift in Sources */,
				BCCF1C95274031C3007869D1 /* SignedUser.swift in Sources */,
				BCCF1C8727402FF5007869D1 /* TaskitoApp.swift in Sources */,
			);
			runOnlyForDeploymentPostprocessing = 0;
		};
/* End PBXSourcesBuildPhase section */

/* Begin XCBuildConfiguration section */
		BCCF1C8F27402FF8007869D1 /* Debug */ = {
			isa = XCBuildConfiguration;
			buildSettings = {
				ALWAYS_SEARCH_USER_PATHS = NO;
				CLANG_ANALYZER_NONNULL = YES;
				CLANG_ANALYZER_NUMBER_OBJECT_CONVERSION = YES_AGGRESSIVE;
				CLANG_CXX_LANGUAGE_STANDARD = "gnu++17";
				CLANG_CXX_LIBRARY = "libc++";
				CLANG_ENABLE_MODULES = YES;
				CLANG_ENABLE_OBJC_ARC = YES;
				CLANG_ENABLE_OBJC_WEAK = YES;
				CLANG_WARN_BLOCK_CAPTURE_AUTORELEASING = YES;
				CLANG_WARN_BOOL_CONVERSION = YES;
				CLANG_WARN_COMMA = YES;
				CLANG_WARN_CONSTANT_CONVERSION = YES;
				CLANG_WARN_DEPRECATED_OBJC_IMPLEMENTATIONS = YES;
				CLANG_WARN_DIRECT_OBJC_ISA_USAGE = YES_ERROR;
				CLANG_WARN_DOCUMENTATION_COMMENTS = YES;
				CLANG_WARN_EMPTY_BODY = YES;
				CLANG_WARN_ENUM_CONVERSION = YES;
				CLANG_WARN_INFINITE_RECURSION = YES;
				CLANG_WARN_INT_CONVERSION = YES;
				CLANG_WARN_NON_LITERAL_NULL_CONVERSION = YES;
				CLANG_WARN_OBJC_IMPLICIT_RETAIN_SELF = YES;
				CLANG_WARN_OBJC_LITERAL_CONVERSION = YES;
				CLANG_WARN_OBJC_ROOT_CLASS = YES_ERROR;
				CLANG_WARN_QUOTED_INCLUDE_IN_FRAMEWORK_HEADER = YES;
				CLANG_WARN_RANGE_LOOP_ANALYSIS = YES;
				CLANG_WARN_STRICT_PROTOTYPES = YES;
				CLANG_WARN_SUSPICIOUS_MOVE = YES;
				CLANG_WARN_UNGUARDED_AVAILABILITY = YES_AGGRESSIVE;
				CLANG_WARN_UNREACHABLE_CODE = YES;
				CLANG_WARN__DUPLICATE_METHOD_MATCH = YES;
				COPY_PHASE_STRIP = NO;
				DEBUG_INFORMATION_FORMAT = dwarf;
				ENABLE_STRICT_OBJC_MSGSEND = YES;
				ENABLE_TESTABILITY = YES;
				GCC_C_LANGUAGE_STANDARD = gnu11;
				GCC_DYNAMIC_NO_PIC = NO;
				GCC_NO_COMMON_BLOCKS = YES;
				GCC_OPTIMIZATION_LEVEL = 0;
				GCC_PREPROCESSOR_DEFINITIONS = (
					"DEBUG=1",
					"$(inherited)",
				);
				GCC_WARN_64_TO_32_BIT_CONVERSION = YES;
				GCC_WARN_ABOUT_RETURN_TYPE = YES_ERROR;
				GCC_WARN_UNDECLARED_SELECTOR = YES;
				GCC_WARN_UNINITIALIZED_AUTOS = YES_AGGRESSIVE;
				GCC_WARN_UNUSED_FUNCTION = YES;
				GCC_WARN_UNUSED_VARIABLE = YES;
				IPHONEOS_DEPLOYMENT_TARGET = 15.0;
				MTL_ENABLE_DEBUG_INFO = INCLUDE_SOURCE;
				MTL_FAST_MATH = YES;
				ONLY_ACTIVE_ARCH = YES;
				SDKROOT = iphoneos;
				SWIFT_ACTIVE_COMPILATION_CONDITIONS = DEBUG;
				SWIFT_OPTIMIZATION_LEVEL = "-Onone";
			};
			name = Debug;
		};
		BCCF1C9027402FF8007869D1 /* Release */ = {
			isa = XCBuildConfiguration;
			buildSettings = {
				ALWAYS_SEARCH_USER_PATHS = NO;
				CLANG_ANALYZER_NONNULL = YES;
				CLANG_ANALYZER_NUMBER_OBJECT_CONVERSION = YES_AGGRESSIVE;
				CLANG_CXX_LANGUAGE_STANDARD = "gnu++17";
				CLANG_CXX_LIBRARY = "libc++";
				CLANG_ENABLE_MODULES = YES;
				CLANG_ENABLE_OBJC_ARC = YES;
				CLANG_ENABLE_OBJC_WEAK = YES;
				CLANG_WARN_BLOCK_CAPTURE_AUTORELEASING = YES;
				CLANG_WARN_BOOL_CONVERSION = YES;
				CLANG_WARN_COMMA = YES;
				CLANG_WARN_CONSTANT_CONVERSION = YES;
				CLANG_WARN_DEPRECATED_OBJC_IMPLEMENTATIONS = YES;
				CLANG_WARN_DIRECT_OBJC_ISA_USAGE = YES_ERROR;
				CLANG_WARN_DOCUMENTATION_COMMENTS = YES;
				CLANG_WARN_EMPTY_BODY = YES;
				CLANG_WARN_ENUM_CONVERSION = YES;
				CLANG_WARN_INFINITE_RECURSION = YES;
				CLANG_WARN_INT_CONVERSION = YES;
				CLANG_WARN_NON_LITERAL_NULL_CONVERSION = YES;
				CLANG_WARN_OBJC_IMPLICIT_RETAIN_SELF = YES;
				CLANG_WARN_OBJC_LITERAL_CONVERSION = YES;
				CLANG_WARN_OBJC_ROOT_CLASS = YES_ERROR;
				CLANG_WARN_QUOTED_INCLUDE_IN_FRAMEWORK_HEADER = YES;
				CLANG_WARN_RANGE_LOOP_ANALYSIS = YES;
				CLANG_WARN_STRICT_PROTOTYPES = YES;
				CLANG_WARN_SUSPICIOUS_MOVE = YES;
				CLANG_WARN_UNGUARDED_AVAILABILITY = YES_AGGRESSIVE;
				CLANG_WARN_UNREACHABLE_CODE = YES;
				CLANG_WARN__DUPLICATE_METHOD_MATCH = YES;
				COPY_PHASE_STRIP = NO;
				DEBUG_INFORMATION_FORMAT = "dwarf-with-dsym";
				ENABLE_NS_ASSERTIONS = NO;
				ENABLE_STRICT_OBJC_MSGSEND = YES;
				GCC_C_LANGUAGE_STANDARD = gnu11;
				GCC_NO_COMMON_BLOCKS = YES;
				GCC_WARN_64_TO_32_BIT_CONVERSION = YES;
				GCC_WARN_ABOUT_RETURN_TYPE = YES_ERROR;
				GCC_WARN_UNDECLARED_SELECTOR = YES;
				GCC_WARN_UNINITIALIZED_AUTOS = YES_AGGRESSIVE;
				GCC_WARN_UNUSED_FUNCTION = YES;
				GCC_WARN_UNUSED_VARIABLE = YES;
				IPHONEOS_DEPLOYMENT_TARGET = 15.0;
				MTL_ENABLE_DEBUG_INFO = NO;
				MTL_FAST_MATH = YES;
				SDKROOT = iphoneos;
				SWIFT_COMPILATION_MODE = wholemodule;
				SWIFT_OPTIMIZATION_LEVEL = "-O";
				VALIDATE_PRODUCT = YES;
			};
			name = Release;
		};
		BCCF1C9227402FF8007869D1 /* Debug */ = {
			isa = XCBuildConfiguration;
			buildSettings = {
				ASSETCATALOG_COMPILER_APPICON_NAME = AppIcon;
				ASSETCATALOG_COMPILER_GLOBAL_ACCENT_COLOR_NAME = AccentColor;
				CODE_SIGN_STYLE = Automatic;
				CURRENT_PROJECT_VERSION = 1;
				DEVELOPMENT_ASSET_PATHS = "\"Taskito/Preview Content\"";
				DEVELOPMENT_TEAM = JBZ7YJVWA2;
				ENABLE_PREVIEWS = YES;
				GENERATE_INFOPLIST_FILE = YES;
				INFOPLIST_KEY_UIApplicationSceneManifest_Generation = YES;
				INFOPLIST_KEY_UIApplicationSupportsIndirectInputEvents = YES;
				INFOPLIST_KEY_UILaunchScreen_Generation = YES;
				INFOPLIST_KEY_UISupportedInterfaceOrientations_iPad = "UIInterfaceOrientationPortrait UIInterfaceOrientationPortraitUpsideDown UIInterfaceOrientationLandscapeLeft UIInterfaceOrientationLandscapeRight";
				INFOPLIST_KEY_UISupportedInterfaceOrientations_iPhone = "UIInterfaceOrientationPortrait UIInterfaceOrientationLandscapeLeft UIInterfaceOrientationLandscapeRight";
				LD_RUNPATH_SEARCH_PATHS = (
					"$(inherited)",
					"@executable_path/Frameworks",
				);
				MARKETING_VERSION = 1.0;
				PRODUCT_BUNDLE_IDENTIFIER = kakha.Taskito;
				PRODUCT_NAME = "$(TARGET_NAME)";
				SWIFT_EMIT_LOC_STRINGS = YES;
				SWIFT_VERSION = 5.0;
				TARGETED_DEVICE_FAMILY = "1,2";
			};
			name = Debug;
		};
		BCCF1C9327402FF8007869D1 /* Release */ = {
			isa = XCBuildConfiguration;
			buildSettings = {
				ASSETCATALOG_COMPILER_APPICON_NAME = AppIcon;
				ASSETCATALOG_COMPILER_GLOBAL_ACCENT_COLOR_NAME = AccentColor;
				CODE_SIGN_STYLE = Automatic;
				CURRENT_PROJECT_VERSION = 1;
				DEVELOPMENT_ASSET_PATHS = "\"Taskito/Preview Content\"";
				DEVELOPMENT_TEAM = JBZ7YJVWA2;
				ENABLE_PREVIEWS = YES;
				GENERATE_INFOPLIST_FILE = YES;
				INFOPLIST_KEY_UIApplicationSceneManifest_Generation = YES;
				INFOPLIST_KEY_UIApplicationSupportsIndirectInputEvents = YES;
				INFOPLIST_KEY_UILaunchScreen_Generation = YES;
				INFOPLIST_KEY_UISupportedInterfaceOrientations_iPad = "UIInterfaceOrientationPortrait UIInterfaceOrientationPortraitUpsideDown UIInterfaceOrientationLandscapeLeft UIInterfaceOrientationLandscapeRight";
				INFOPLIST_KEY_UISupportedInterfaceOrientations_iPhone = "UIInterfaceOrientationPortrait UIInterfaceOrientationLandscapeLeft UIInterfaceOrientationLandscapeRight";
				LD_RUNPATH_SEARCH_PATHS = (
					"$(inherited)",
					"@executable_path/Frameworks",
				);
				MARKETING_VERSION = 1.0;
				PRODUCT_BUNDLE_IDENTIFIER = kakha.Taskito;
				PRODUCT_NAME = "$(TARGET_NAME)";
				SWIFT_EMIT_LOC_STRINGS = YES;
				SWIFT_VERSION = 5.0;
				TARGETED_DEVICE_FAMILY = "1,2";
			};
			name = Release;
		};
/* End XCBuildConfiguration section */

/* Begin XCConfigurationList section */
		BCCF1C7E27402FF5007869D1 /* Build configuration list for PBXProject "Taskito" */ = {
			isa = XCConfigurationList;
			buildConfigurations = (
				BCCF1C8F27402FF8007869D1 /* Debug */,
				BCCF1C9027402FF8007869D1 /* Release */,
			);
			defaultConfigurationIsVisible = 0;
			defaultConfigurationName = Release;
		};
		BCCF1C9127402FF8007869D1 /* Build configuration list for PBXNativeTarget "Taskito" */ = {
			isa = XCConfigurationList;
			buildConfigurations = (
				BCCF1C9227402FF8007869D1 /* Debug */,
				BCCF1C9327402FF8007869D1 /* Release */,
			);
			defaultConfigurationIsVisible = 0;
			defaultConfigurationName = Release;
		};
/* End XCConfigurationList section */
	};
	rootObject = BCCF1C7B27402FF5007869D1 /* Project object */;
}
